
Microsoft Visual Studio Solution File, Format Version 12.00
# Visual Studio Version 16
VisualStudioVersion = 16.0.31702.278
MinimumVisualStudioVersion = 10.0.40219.1
Project("{FAE04EC0-301F-11D3-BF4B-00C04F79EFBC}") = "ColorAPICreation", "ColorAPICreation\ColorAPICreation.csproj", "{43B2C9C3-FAD6-468F-B6C7-8A1E9F5FD56F}"
EndProject
Global
	GlobalSection(SolutionConfigurationPlatforms) = preSolution
		Debug|Any CPU = Debug|Any CPU
		Release|Any CPU = Release|Any CPU
	EndGlobalSection
	GlobalSection(ProjectConfigurationPlatforms) = postSolution
		{43B2C9C3-FAD6-468F-B6C7-8A1E9F5FD56F}.Debug|Any CPU.ActiveCfg = Debug|Any CPU
		{43B2C9C3-FAD6-468F-B6C7-8A1E9F5FD56F}.Debug|Any CPU.Build.0 = Debug|Any CPU
		{43B2C9C3-FAD6-468F-B6C7-8A1E9F5FD56F}.Release|Any CPU.ActiveCfg = Release|Any CPU
		{43B2C9C3-FAD6-468F-B6C7-8A1E9F5FD56F}.Release|Any CPU.Build.0 = Release|Any CPU
	EndGlobalSection
	GlobalSection(SolutionProperties) = preSolution
		HideSolutionNode = FALSE
	EndGlobalSection
	GlobalSection(ExtensibilityGlobals) = postSolution
		SolutionGuid = {0C11E7B7-B858-4CC2-85CD-CD0641A72300}
	EndGlobalSection
EndGlobal
